
Microsoft Visual Studio Solution File, Format Version 12.00
# Visual Studio 15
VisualStudioVersion = 15.0.27130.2026
MinimumVisualStudioVersion = 10.0.40219.1
Project("{FAE04EC0-301F-11D3-BF4B-00C04F79EFBC}") = "Weaver", "NestHooking\Weaver.csproj", "{B74EE567-8B68-47BD-8085-4172FCF51521}"
EndProject
Project("{FAE04EC0-301F-11D3-BF4B-00C04F79EFBC}") = "NestClient", "NestClient\NestClient.csproj", "{71FCD8B7-C24E-48EC-A0B6-D2107853496F}"
EndProject
Project("{FAE04EC0-301F-11D3-BF4B-00C04F79EFBC}") = "NestClient.Extended", "NestClient.Extended\NestClient.Extended.csproj", "{9102EBEA-4E01-488E-B001-1679DF07A3F8}"
EndProject
Project("{FAE04EC0-301F-11D3-BF4B-00C04F79EFBC}") = "NestClient.Tests", "NestClient.Tests\NestClient.Tests.csproj", "{AC3EF8B1-763F-4C3A-998F-2135647FD620}"
EndProject
Global
	GlobalSection(SolutionConfigurationPlatforms) = preSolution
		Debug|Any CPU = Debug|Any CPU
		Release|Any CPU = Release|Any CPU
	EndGlobalSection
	GlobalSection(ProjectConfigurationPlatforms) = postSolution
		{B74EE567-8B68-47BD-8085-4172FCF51521}.Debug|Any CPU.ActiveCfg = Debug|Any CPU
		{B74EE567-8B68-47BD-8085-4172FCF51521}.Debug|Any CPU.Build.0 = Debug|Any CPU
		{B74EE567-8B68-47BD-8085-4172FCF51521}.Release|Any CPU.ActiveCfg = Release|Any CPU
		{B74EE567-8B68-47BD-8085-4172FCF51521}.Release|Any CPU.Build.0 = Release|Any CPU
		{71FCD8B7-C24E-48EC-A0B6-D2107853496F}.Debug|Any CPU.ActiveCfg = Debug|Any CPU
		{71FCD8B7-C24E-48EC-A0B6-D2107853496F}.Debug|Any CPU.Build.0 = Debug|Any CPU
		{71FCD8B7-C24E-48EC-A0B6-D2107853496F}.Release|Any CPU.ActiveCfg = Release|Any CPU
		{71FCD8B7-C24E-48EC-A0B6-D2107853496F}.Release|Any CPU.Build.0 = Release|Any CPU
		{9102EBEA-4E01-488E-B001-1679DF07A3F8}.Debug|Any CPU.ActiveCfg = Debug|Any CPU
		{9102EBEA-4E01-488E-B001-1679DF07A3F8}.Debug|Any CPU.Build.0 = Debug|Any CPU
		{9102EBEA-4E01-488E-B001-1679DF07A3F8}.Release|Any CPU.ActiveCfg = Release|Any CPU
		{9102EBEA-4E01-488E-B001-1679DF07A3F8}.Release|Any CPU.Build.0 = Release|Any CPU
		{AC3EF8B1-763F-4C3A-998F-2135647FD620}.Debug|Any CPU.ActiveCfg = Debug|Any CPU
		{AC3EF8B1-763F-4C3A-998F-2135647FD620}.Debug|Any CPU.Build.0 = Debug|Any CPU
		{AC3EF8B1-763F-4C3A-998F-2135647FD620}.Release|Any CPU.ActiveCfg = Release|Any CPU
		{AC3EF8B1-763F-4C3A-998F-2135647FD620}.Release|Any CPU.Build.0 = Release|Any CPU
	EndGlobalSection
	GlobalSection(SolutionProperties) = preSolution
		HideSolutionNode = FALSE
	EndGlobalSection
	GlobalSection(ExtensibilityGlobals) = postSolution
		SolutionGuid = {180C9C67-5A86-4A3F-B0C5-13ED229CDA07}
	EndGlobalSection
EndGlobal
